# THIS IS AN AUTOGENERATED FILE. DO NOT EDIT THIS FILE DIRECTLY.
# yarn lockfile v1


"@next/env@12.2.4":
  version "12.2.4"
  resolved "https://registry.yarnpkg.com/@next/env/-/env-12.2.4.tgz#5ba9bed9970be4113773233148b4539691bfc4fe"
  integrity sha512-/gApFXWk5CCLFQJL5IYJXxPQuG5tz5nPX4l27A9Zm/+wJxiwFrRSP54AopDxIv4JRp/rGwcgk/lZS/0Clw8jYA==

"@next/swc-android-arm-eabi@12.2.4":
  version "12.2.4"
  resolved "https://registry.yarnpkg.com/@next/swc-android-arm-eabi/-/swc-android-arm-eabi-12.2.4.tgz#5c7f508f93baec810c96bf60128b7c1f2109bee2"
  integrity sha512-P4YSFNpmXXSnn3P1qsOAqz+MX3On9fHrlc8ovb/CFJJoU+YLCR53iCEwfw39e0IZEgDA7ttgr108plF8mxaX0g==

"@next/swc-android-arm64@12.2.4":
  version "12.2.4"
  resolved "https://registry.yarnpkg.com/@next/swc-android-arm64/-/swc-android-arm64-12.2.4.tgz#f86411e0513419f027d16b2d4d823a3ca631a634"
  integrity sha512-4o2n14E18O+8xHlf6dgJsWPXN9gmSmfIe2Z0EqKDIPBBkFt/2CyrH0+vwHnL2l7xkDHhOGfZYcYIWVUR5aNu0A==

"@next/swc-darwin-arm64@12.2.4":
  version "12.2.4"
  resolved "https://registry.yarnpkg.com/@next/swc-darwin-arm64/-/swc-darwin-arm64-12.2.4.tgz#23db172f02f5cf0ceca5e0934cfde21f30cc7461"
  integrity sha512-DcUO6MGBL9E3jj5o86MUnTOy4WawIJJhyCcFYO4f51sbl7+uPIYIx40eo98A6NwJEXazCqq1hLeqOaNTAIvDiQ==

"@next/swc-darwin-x64@12.2.4":
  version "12.2.4"
  resolved "https://registry.yarnpkg.com/@next/swc-darwin-x64/-/swc-darwin-x64-12.2.4.tgz#820125d2a4d35cd9c807156a403a447360b5923f"
  integrity sha512-IUlFMqeLjdIzDorrGC2Dt+2Ae3DbKQbRzCzmDq4/CP1+jJGeDXo/2AHnlE+WYnwQAC4KtAz6pbVnd3KstZWsVA==

"@next/swc-freebsd-x64@12.2.4":
  version "12.2.4"
  resolved "https://registry.yarnpkg.com/@next/swc-freebsd-x64/-/swc-freebsd-x64-12.2.4.tgz#81ccd262c7ea3f7ed2de136c3402fc28cd103ce8"
  integrity sha512-475vwyWcjnyDVDWLgAATP0HI8W1rwByc+uXk1B6KkAVFhkoDgH387LW0uNqxavK+VxCzj3avQXX/58XDvxtSlg==

"@next/swc-linux-arm-gnueabihf@12.2.4":
  version "12.2.4"
  resolved "https://registry.yarnpkg.com/@next/swc-linux-arm-gnueabihf/-/swc-linux-arm-gnueabihf-12.2.4.tgz#5b543e461696adcb60c64b56fc81eaa9e3cfcdd8"
  integrity sha512-qZW+L3iG3XSGtlOPmD5RRWXyk6ZNdscLV0BQjuDvP+exTg+uixqHXOHz0/GVATIJEBQOF0Kew7jAXVXEP+iRTQ==

"@next/swc-linux-arm64-gnu@12.2.4":
  version "12.2.4"
  resolved "https://registry.yarnpkg.com/@next/swc-linux-arm64-gnu/-/swc-linux-arm64-gnu-12.2.4.tgz#f83b824d112494db41df69e2c456950a57deacba"
  integrity sha512-fEPRjItWYaKyyG9N+2HIA59OBHIhk7WC+Rh+LwXsh0pQe870Ykpek3KQs0umjsrEGe57NyMomq3f80/N8taDvA==

"@next/swc-linux-arm64-musl@12.2.4":
  version "12.2.4"
  resolved "https://registry.yarnpkg.com/@next/swc-linux-arm64-musl/-/swc-linux-arm64-musl-12.2.4.tgz#a7e575970fcd6166c7b506fd25121927c13349ee"
  integrity sha512-rnCTzXII0EBCcFn9P5s/Dho2kPUMSX/bP0iOAj8wEI/IxUEfEElbin89zJoNW30cycHu19xY8YP4K2+hzciPzQ==

"@next/swc-linux-x64-gnu@12.2.4":
  version "12.2.4"
  resolved "https://registry.yarnpkg.com/@next/swc-linux-x64-gnu/-/swc-linux-x64-gnu-12.2.4.tgz#4dd2ad1c72c160430199265e74b6d7037f2be4f5"
  integrity sha512-PhXX6NSuIuhHInxPY2VkG2Bl7VllsD3Cjx+pQcS1wTym7Zt7UoLvn05PkRrkiyIkvR+UXnqPUM3TYiSbnemXEw==

"@next/swc-linux-x64-musl@12.2.4":
  version "12.2.4"
  resolved "https://registry.yarnpkg.com/@next/swc-linux-x64-musl/-/swc-linux-x64-musl-12.2.4.tgz#15415b1e6b92ca19453c4c6113496685167b05d4"
  integrity sha512-GmC/QROiUZpFirHRfPQqMyCXZ+5+ndbBZrMvL74HtQB/CKXB8K1VM+rvy9Gp/5OaU8Rxp48IcX79NOfI2LiXlA==

"@next/swc-win32-arm64-msvc@12.2.4":
  version "12.2.4"
  resolved "https://registry.yarnpkg.com/@next/swc-win32-arm64-msvc/-/swc-win32-arm64-msvc-12.2.4.tgz#48344aded1702e321bef0fdefc3fb9f763c2ba25"
  integrity sha512-9XKoCXbNZuaMRPtcKQz3+hgVpkMosaLlcxHFXT8/j4w61k7/qvEbrkMDS9WHNrD/xVcLycwhPRgXcns2K1BdBQ==

"@next/swc-win32-ia32-msvc@12.2.4":
  version "12.2.4"
  resolved "https://registry.yarnpkg.com/@next/swc-win32-ia32-msvc/-/swc-win32-ia32-msvc-12.2.4.tgz#e040fbf292205716c2c1d69d51c1c98fa59825ff"
  integrity sha512-hEyRieZKH9iw4AzvXaQ+Fyb98k0G/o9QcRGxA1/O/O/elf1+Qvuwb15phT8GbVtIeNziy66XTPOhKKfdr8KyUg==

"@next/swc-win32-x64-msvc@12.2.4":
  version "12.2.4"
  resolved "https://registry.yarnpkg.com/@next/swc-win32-x64-msvc/-/swc-win32-x64-msvc-12.2.4.tgz#0134c4cd5df39033347614ce5fc26af485ac9048"
  integrity sha512-5Pl1tdMJWLy4rvzU1ecx0nHWgDPqoYuvYoXE/5X0Clu9si/yOuBIj573F2kOTY7mu0LX2wgCJVSnyK0abHBxIw==

"@sanity/client@^3.3.0", "@sanity/client@^3.3.3":
  version "3.3.3"
  resolved "https://registry.yarnpkg.com/@sanity/client/-/client-3.3.3.tgz#2eea3410b49365a1d5e05b4590eec4253ebe13a8"
  integrity sha512-2n4S/d49abreTa1hLehtrQ9lLR8KhnXdIb7kZajkGPGh2yWwbtMXpB7e1dxNvySmFehrJx5rtwdeO3l2IhnHBA==
  dependencies:
    "@sanity/eventsource" "^4.0.0"
    "@sanity/generate-help-url" "^3.0.0"
    get-it "^6.1.1"
    make-error "^1.3.0"
    object-assign "^4.1.1"
    rxjs "^6.0.0"

"@sanity/color@^2.1.8":
  version "2.1.11"
  resolved "https://registry.yarnpkg.com/@sanity/color/-/color-2.1.11.tgz#aed52a1c1ba0157938d5e7516811449de1a4a00e"
  integrity sha512-ZComCEDE7Y5xu/+BksJDVkAffawRWrJvoI7VdIA+szhqzYQWgLRLfsr+UBkYZMtb9a+8HyUm6Uqoo028GNGREQ==

"@sanity/eventsource@^4.0.0":
  version "4.0.0"
  resolved "https://registry.yarnpkg.com/@sanity/eventsource/-/eventsource-4.0.0.tgz#ec9c352e87a2f79db8d25eedbb009ced21ec2e97"
  integrity sha512-W0AD141JILOySJ177j2+HTr5k4tWNyXjGsr0dDXJzpqlwZ09J/uPHI73hMe5XtoFumPa9Bj6jy8uu2qdZX84NQ==
  dependencies:
    event-source-polyfill "1.0.25"
    eventsource "^2.0.2"

"@sanity/generate-help-url@^3.0.0":
  version "3.0.0"
  resolved "https://registry.yarnpkg.com/@sanity/generate-help-url/-/generate-help-url-3.0.0.tgz#60e9cba61b82103ea3761730a53cd9310b98892d"
  integrity sha512-wtMYcV5GIDIhVyF/jjmdwq1GdlK07dRL40XMns73VbrFI7FteRltxv48bhYVZPcLkRXb0SHjpDS/icj9/yzbVA==

"@sanity/groq-store@^0.4.0":
  version "0.4.0"
  resolved "https://registry.yarnpkg.com/@sanity/groq-store/-/groq-store-0.4.0.tgz#8dfdfb2f60e50e570dac6de4a7ea1b6bd4ef2534"
  integrity sha512-3mgnk8McWphY8ZCmMSAqbPw1rO+BgpMOTlk9+8Yu//p6aovFcX9S6jqx+3JejiyvNV2Zz2OwtPrfHXP7qLiVjg==
  dependencies:
    "@sanity/types" "^2.0.1"
    eventsource "^1.0.7"
    fast-deep-equal "^3.1.3"
    groq "^2.0.9"
    groq-js "^0.4.0-beta.2"
    mendoza "^2.1.1"
    simple-get "^4.0.1"
    split2 "^4.1.0"
    throttle-debounce "^5.0.0"

"@sanity/timed-out@^4.0.2":
  version "4.0.2"
  resolved "https://registry.yarnpkg.com/@sanity/timed-out/-/timed-out-4.0.2.tgz#c9f61f9a1609baa1eb3e4235a24ea2a775022cdf"
  integrity sha512-NBDKGj14g9Z+bopIvZcQKWCzJq5JSrdmzRR1CS+iyA3Gm8SnIWBfZa7I3mTg2X6Nu8LQXG0EPKXdOGozLS4i3w==

"@sanity/types@^2.0.1":
  version "2.30.3"
  resolved "https://registry.yarnpkg.com/@sanity/types/-/types-2.30.3.tgz#107808cd2a23677eadd12c9061f5419760801026"
  integrity sha512-PS/2PPTVXE3mS4eAMCUbbrVuf+uPCpKxP4XRpTP2YN1LWVW64yCrx3FE3TNm82HMFnm1HmngBpEVEFx0XuZJGQ==
  dependencies:
    "@sanity/client" "^3.3.3"
    "@sanity/color" "^2.1.8"
    "@types/react" "^17.0.42"
    rxjs "^6.5.3"

"@swc/helpers@0.4.3":
  version "0.4.3"
  resolved "https://registry.yarnpkg.com/@swc/helpers/-/helpers-0.4.3.tgz#16593dfc248c53b699d4b5026040f88ddb497012"
  integrity sha512-6JrF+fdUK2zbGpJIlN7G3v966PQjyx/dPt1T9km2wj+EUBqgrxCk3uX4Kct16MIm9gGxfKRcfax2hVf5jvlTzA==
  dependencies:
    tslib "^2.4.0"

"@types/prop-types@*":
  version "15.7.5"
  resolved "https://registry.yarnpkg.com/@types/prop-types/-/prop-types-15.7.5.tgz#5f19d2b85a98e9558036f6a3cacc8819420f05cf"
  integrity sha512-JCB8C6SnDoQf0cNycqd/35A7MjcnK+ZTqE7judS6o7utxUCg6imJg3QK2qzHKszlTjcj2cn+NwMB2i96ubpj7w==

"@types/react@^17.0.42":
  version "17.0.48"
  resolved "https://registry.yarnpkg.com/@types/react/-/react-17.0.48.tgz#a4532a8b91d7b27b8768b6fc0c3bccb760d15a6c"
  integrity sha512-zJ6IYlJ8cYYxiJfUaZOQee4lh99mFihBoqkOSEGV+dFi9leROW6+PgstzQ+w3gWTnUfskALtQPGHK6dYmPj+2A==
  dependencies:
    "@types/prop-types" "*"
    "@types/scheduler" "*"
    csstype "^3.0.2"

"@types/scheduler@*":
  version "0.16.2"
  resolved "https://registry.yarnpkg.com/@types/scheduler/-/scheduler-0.16.2.tgz#1a62f89525723dde24ba1b01b092bf5df8ad4d39"
  integrity sha512-hppQEBDmlwhFAXKJX2KnWLYu5yMfi91yazPb2l+lbJiwW+wdo1gNeRA+3RgNSO39WYX2euey41KEwnqesU2Jew==

caniuse-lite@^1.0.30001332:
  version "1.0.30001374"
  resolved "https://registry.yarnpkg.com/caniuse-lite/-/caniuse-lite-1.0.30001374.tgz#3dab138e3f5485ba2e74bd13eca7fe1037ce6f57"
  integrity sha512-mWvzatRx3w+j5wx/mpFN5v5twlPrabG8NqX2c6e45LCpymdoGqNvRkRutFUqpRTXKFQFNQJasvK0YT7suW6/Hw==

capture-stack-trace@^1.0.0:
  version "1.0.1"
  resolved "https://registry.yarnpkg.com/capture-stack-trace/-/capture-stack-trace-1.0.1.tgz#a6c0bbe1f38f3aa0b92238ecb6ff42c344d4135d"
  integrity sha512-mYQLZnx5Qt1JgB1WEiMCf2647plpGeQ2NMR/5L0HNZzGQo4fuSPnK+wjfPnKZV0aiJDgzmWqqkV/g7JD+DW0qw==

core-util-is@~1.0.0:
  version "1.0.3"
  resolved "https://registry.yarnpkg.com/core-util-is/-/core-util-is-1.0.3.tgz#a6042d3634c2b27e9328f837b965fac83808db85"
  integrity sha512-ZQBvi1DcpJ4GDqanjucZ2Hj3wEO5pZDS89BWbkcrvdxksJorwUDDZamX9ldFkp9aw2lmBDLgkObEA4DWNJ9FYQ==

create-error-class@^3.0.2:
  version "3.0.2"
  resolved "https://registry.yarnpkg.com/create-error-class/-/create-error-class-3.0.2.tgz#06be7abef947a3f14a30fd610671d401bca8b7b6"
  integrity sha512-gYTKKexFO3kh200H1Nit76sRwRtOY32vQd3jpAQKpLtZqyNsSQNfI4N7o3eP2wUjV35pTWKRYqFUDBvUha/Pkw==
  dependencies:
    capture-stack-trace "^1.0.0"

csstype@^3.0.2:
  version "3.1.0"
  resolved "https://registry.yarnpkg.com/csstype/-/csstype-3.1.0.tgz#4ddcac3718d787cf9df0d1b7d15033925c8f29f2"
  integrity sha512-uX1KG+x9h5hIJsaKR9xHUeUraxf8IODOwq9JLNPq6BwB04a/xgpq3rcx47l5BZu5zBPlgD342tdke3Hom/nJRA==

debug@^2.6.8:
  version "2.6.9"
  resolved "https://registry.yarnpkg.com/debug/-/debug-2.6.9.tgz#5d128515df134ff327e90a4c93f4e077a536341f"
  integrity sha512-bC7ElrdJaJnPbAP+1EotYvqZsb3ecl5wi6Bfi6BJTUcNowp6cvspg0jXznRTKDjm/E7AdgFBVeAPVMNcKGsHMA==
  dependencies:
    ms "2.0.0"

decompress-response@^6.0.0:
  version "6.0.0"
  resolved "https://registry.yarnpkg.com/decompress-response/-/decompress-response-6.0.0.tgz#ca387612ddb7e104bd16d85aab00d5ecf09c66fc"
  integrity sha512-aW35yZM6Bb/4oJlZncMH2LCoZtJXTRxES17vE3hoRiowU2kWHaJKFkSBDnDR+cm9J+9QhXmREyIfv0pji9ejCQ==
  dependencies:
    mimic-response "^3.1.0"

event-source-polyfill@1.0.25:
  version "1.0.25"
  resolved "https://registry.yarnpkg.com/event-source-polyfill/-/event-source-polyfill-1.0.25.tgz#d8bb7f99cb6f8119c2baf086d9f6ee0514b6d9c8"
  integrity sha512-hQxu6sN1Eq4JjoI7ITdQeGGUN193A2ra83qC0Ltm9I2UJVAten3OFVN6k5RX4YWeCS0BoC8xg/5czOCIHVosQg==

eventsource@^1.0.7:
  version "1.1.2"
  resolved "https://registry.yarnpkg.com/eventsource/-/eventsource-1.1.2.tgz#bc75ae1c60209e7cb1541231980460343eaea7c2"
  integrity sha512-xAH3zWhgO2/3KIniEKYPr8plNSzlGINOUqYj0m0u7AB81iRw8b/3E73W6AuU+6klLbaSFmZnaETQ2lXPfAydrA==

eventsource@^2.0.2:
  version "2.0.2"
  resolved "https://registry.yarnpkg.com/eventsource/-/eventsource-2.0.2.tgz#76dfcc02930fb2ff339520b6d290da573a9e8508"
  integrity sha512-IzUmBGPR3+oUG9dUeXynyNmf91/3zUSJg1lCktzKw47OXuhco54U3r9B7O4XX+Rb1Itm9OZ2b0RkTs10bICOxA==

fast-deep-equal@^3.1.3:
  version "3.1.3"
  resolved "https://registry.yarnpkg.com/fast-deep-equal/-/fast-deep-equal-3.1.3.tgz#3a7d56b559d6cbc3eb512325244e619a65c6c525"
  integrity sha512-f3qQ9oQy9j2AhBe/H9VC91wLmKBCCU/gDOnKNAYG5hswO7BLKj09Hc5HYNz9cGI++xlpDCIgDaitVs03ATR84Q==

follow-redirects@^1.2.4:
  version "1.15.1"
  resolved "https://registry.yarnpkg.com/follow-redirects/-/follow-redirects-1.15.1.tgz#0ca6a452306c9b276e4d3127483e29575e207ad5"
  integrity sha512-yLAMQs+k0b2m7cVxpS1VKJVvoz7SS9Td1zss3XRwXj+ZDH00RJgnuLx7E44wx02kQLrdM3aOOy+FpzS7+8OizA==

form-urlencoded@^2.0.7:
  version "2.0.9"
  resolved "https://registry.yarnpkg.com/form-urlencoded/-/form-urlencoded-2.0.9.tgz#ea07c5dbd9aa739275d53ec5c671ea069fe7d597"
  integrity sha512-fWUzNiOnYa126vFAT6TFXd1mhJrvD8IqmQ9ilZPjkLYQfaRreBr5fIUoOpPlWtqaAG64nzoE7u5zSetifab9IA==

from2@^2.1.1:
  version "2.3.0"
  resolved "https://registry.yarnpkg.com/from2/-/from2-2.3.0.tgz#8bfb5502bde4a4d36cfdeea007fcca21d7e382af"
  integrity sha512-OMcX/4IC/uqEPVgGeyfN22LJk6AZrMkRZHxcHBMBvHScDGgwTm2GT2Wkgtocyd3JfZffjj2kYUDXXII0Fk9W0g==
  dependencies:
    inherits "^2.0.1"
    readable-stream "^2.0.0"

get-it@^6.1.1:
  version "6.1.1"
  resolved "https://registry.yarnpkg.com/get-it/-/get-it-6.1.1.tgz#793100756a800808abc8f0d981ca5c7b90fe343d"
  integrity sha512-2835L9lb4NAgjAbFOMMOm2XDSgj+lWmmCQv40A5rE7zZoIdM2+yk7Ie+sBD3T5lHW/Dw5IFFHyx16oQGpAo4hQ==
  dependencies:
    "@sanity/timed-out" "^4.0.2"
    create-error-class "^3.0.2"
    debug "^2.6.8"
    decompress-response "^6.0.0"
    follow-redirects "^1.2.4"
    form-urlencoded "^2.0.7"
    into-stream "^3.1.0"
    is-plain-object "^2.0.4"
    is-retry-allowed "^1.1.0"
    is-stream "^1.1.0"
    nano-pubsub "^1.0.2"
    object-assign "^4.1.1"
    parse-headers "^2.0.4"
    progress-stream "^2.0.0"
    same-origin "^0.1.1"
    simple-concat "^1.0.1"
    tunnel-agent "^0.6.0"
    url-parse "^1.1.9"

groq-js@^0.4.0-beta.2:
  version "0.4.0-beta.2"
  resolved "https://registry.yarnpkg.com/groq-js/-/groq-js-0.4.0-beta.2.tgz#5250d4c827f490b1d4e90ae4c5c510621a0b53e8"
  integrity sha512-jb9Jy8MQc6JvSHJCdhp5zxjgg0aeYJLkfDU/IWwA9edeTBKRcYdVWf4MSgVyCL2ggxVEVTj9b4HJj76IKnYVMA==

groq@^2.0.9, groq@^2.29.3:
  version "2.29.3"
  resolved "https://registry.yarnpkg.com/groq/-/groq-2.29.3.tgz#e767152202ab6aad64b2c33dfc904ee4e4c16d8e"
  integrity sha512-j3HFq8Qwg36rREp2Xl2vecUz47LX6cedD8cqq+JKX0iNj9yiwelOSKpRS5jxhkDZQv5xBAiqtpU2Ylv5DQ5g2A==

inherits@^2.0.1, inherits@~2.0.3:
  version "2.0.4"
  resolved "https://registry.yarnpkg.com/inherits/-/inherits-2.0.4.tgz#0fa2c64f932917c3433a0ded55363aae37416b7c"
  integrity sha512-k/vGaX4/Yla3WzyMCvTQOXYeIHvqOKtnqBduzTHpzpQZzAskKMhZ2K+EnBiSM9zGSoIFeMpXKxa4dYeZIQqewQ==

into-stream@^3.1.0:
  version "3.1.0"
  resolved "https://registry.yarnpkg.com/into-stream/-/into-stream-3.1.0.tgz#96fb0a936c12babd6ff1752a17d05616abd094c6"
  integrity sha512-TcdjPibTksa1NQximqep2r17ISRiNE9fwlfbg3F8ANdvP5/yrFTew86VcO//jk4QTaMlbjypPBq76HN2zaKfZQ==
  dependencies:
    from2 "^2.1.1"
    p-is-promise "^1.1.0"

is-plain-object@^2.0.4:
  version "2.0.4"
  resolved "https://registry.yarnpkg.com/is-plain-object/-/is-plain-object-2.0.4.tgz#2c163b3fafb1b606d9d17928f05c2a1c38e07677"
  integrity sha512-h5PpgXkWitc38BBMYawTYMWJHFZJVnBquFE57xFpjB8pJFiF6gZ+bU+WyI/yqXiFR5mdLsgYNaPe8uao6Uv9Og==
  dependencies:
    isobject "^3.0.1"

is-retry-allowed@^1.1.0:
  version "1.2.0"
  resolved "https://registry.yarnpkg.com/is-retry-allowed/-/is-retry-allowed-1.2.0.tgz#d778488bd0a4666a3be8a1482b9f2baafedea8b4"
  integrity sha512-RUbUeKwvm3XG2VYamhJL1xFktgjvPzL0Hq8C+6yrWIswDy3BIXGqCxhxkc30N9jqK311gVU137K8Ei55/zVJRg==

is-stream@^1.1.0:
  version "1.1.0"
  resolved "https://registry.yarnpkg.com/is-stream/-/is-stream-1.1.0.tgz#12d4a3dd4e68e0b79ceb8dbc84173ae80d91ca44"
  integrity sha512-uQPm8kcs47jx38atAcWTVxyltQYoPT68y9aWYdV6yWXSyW8mzSat0TL6CiWdZeCdF3KrAvpVtnHbTv4RN+rqdQ==

isarray@~1.0.0:
  version "1.0.0"
  resolved "https://registry.yarnpkg.com/isarray/-/isarray-1.0.0.tgz#bb935d48582cba168c06834957a54a3e07124f11"
  integrity sha512-VLghIWNM6ELQzo7zwmcg0NmTVyWKYjvIeM83yjp0wRDTmUnrM678fQbcKBo6n2CJEF0szoG//ytg+TKla89ALQ==

isobject@^3.0.1:
  version "3.0.1"
  resolved "https://registry.yarnpkg.com/isobject/-/isobject-3.0.1.tgz#4e431e92b11a9731636aa1f9c8d1ccbcfdab78df"
  integrity sha512-WhB9zCku7EGTj/HQQRz5aUQEUeoQZH2bWcltRErOpymJ4boYE6wL9Tbr23krRPSZ+C5zqNSrSw+Cc7sZZ4b7vg==

"js-tokens@^3.0.0 || ^4.0.0":
  version "4.0.0"
  resolved "https://registry.yarnpkg.com/js-tokens/-/js-tokens-4.0.0.tgz#19203fb59991df98e3a287050d4647cdeaf32499"
  integrity sha512-RdJUflcE3cUzKiMqQgsCu06FPu9UdIJO0beYbPhHN4k6apgJtifcoCtT9bcxOpYBtpD2kCM6Sbzg4CausW/PKQ==

loose-envify@^1.1.0:
  version "1.4.0"
  resolved "https://registry.yarnpkg.com/loose-envify/-/loose-envify-1.4.0.tgz#71ee51fa7be4caec1a63839f7e682d8132d30caf"
  integrity sha512-lyuxPGr/Wfhrlem2CL/UcnUc1zcqKAImBDzukY7Y5F/yQiNdko6+fRLevlw1HgMySw7f611UIY408EtxRSoK3Q==
  dependencies:
    js-tokens "^3.0.0 || ^4.0.0"

make-error@^1.3.0:
  version "1.3.6"
  resolved "https://registry.yarnpkg.com/make-error/-/make-error-1.3.6.tgz#2eb2e37ea9b67c4891f684a1394799af484cf7a2"
  integrity sha512-s8UhlNe7vPKomQhC1qFelMokr/Sc3AgNbso3n74mVPA5LTZwkB9NlXf4XPamLxJE8h0gh73rM94xvwRT2CVInw==

mendoza@^2.1.1:
  version "2.1.1"
  resolved "https://registry.yarnpkg.com/mendoza/-/mendoza-2.1.1.tgz#19ad4efc3f424439d895e1f1841818a4e268af55"
  integrity sha512-8f3Se8HDfobXCsdESXZBSSYcVzIRi+cMIEmz/SR4bjgFEjHJaXzrsBYr+vyrFGEtK5xTpCcU+DiwxWJV6hCuhQ==

mimic-response@^3.1.0:
  version "3.1.0"
  resolved "https://registry.yarnpkg.com/mimic-response/-/mimic-response-3.1.0.tgz#2d1d59af9c1b129815accc2c46a022a5ce1fa3c9"
  integrity sha512-z0yWI+4FDrrweS8Zmt4Ej5HdJmky15+L2e6Wgn3+iK5fWzb6T3fhNFq2+MeTRb064c6Wr4N/wv0DzQTjNzHNGQ==

ms@2.0.0:
  version "2.0.0"
  resolved "https://registry.yarnpkg.com/ms/-/ms-2.0.0.tgz#5608aeadfc00be6c2901df5f9861788de0d597c8"
  integrity sha512-Tpp60P6IUJDTuOq/5Z8cdskzJujfwqfOTkrwIwj7IRISpnkJnT6SyJ4PCPnGMoFjC9ddhal5KVIYtAt97ix05A==

nano-pubsub@^1.0.2:
  version "1.0.2"
  resolved "https://registry.yarnpkg.com/nano-pubsub/-/nano-pubsub-1.0.2.tgz#34ce776f7af959915b8f7acfe8dd6b9c66f3bde9"
  integrity sha512-HtPs1RbULM/z8wt3BbeeZlxVNiJbl+zQAwwrbc0KAq5NHaCG3MmffOVCpRhNTs+TK67MdN6aZ+5wzPtRZvME+w==

nanoid@^3.3.4:
  version "3.3.4"
  resolved "https://registry.yarnpkg.com/nanoid/-/nanoid-3.3.4.tgz#730b67e3cd09e2deacf03c027c81c9d9dbc5e8ab"
  integrity sha512-MqBkQh/OHTS2egovRtLk45wEyNXwF+cokD+1YPf9u5VfJiRdAiRwB2froX5Co9Rh20xs4siNPm8naNotSD6RBw==

next-sanity@^0.6.0:
  version "0.6.0"
  resolved "https://registry.yarnpkg.com/next-sanity/-/next-sanity-0.6.0.tgz#4c1c7017476412fc915d10f8b1ab740583ea33fd"
  integrity sha512-Pcn5OnVWjKtjrecTXOvf2mZNdznmAcexbJrsEQmlAob877xey71iK09vdF5hhJzDPvRLqfXRG8nbJkwWmuPpzA==
  dependencies:
    "@sanity/client" "^3.3.0"
    "@sanity/groq-store" "^0.4.0"
    groq "^2.29.3"

next@latest:
  version "12.2.4"
  resolved "https://registry.yarnpkg.com/next/-/next-12.2.4.tgz#88f7a7a4cd76063704cda28b3b07c4217b8928b0"
  integrity sha512-b1xlxEozmAWokAXzXsi5vlmU/IfJcFNIJA8dpU5UdkFbyDPio8wwb8mAQ/Y7rGtfTgG/t/u49BiyEA+xAgFvow==
  dependencies:
    "@next/env" "12.2.4"
    "@swc/helpers" "0.4.3"
    caniuse-lite "^1.0.30001332"
    postcss "8.4.14"
    styled-jsx "5.0.2"
    use-sync-external-store "1.2.0"
  optionalDependencies:
    "@next/swc-android-arm-eabi" "12.2.4"
    "@next/swc-android-arm64" "12.2.4"
    "@next/swc-darwin-arm64" "12.2.4"
    "@next/swc-darwin-x64" "12.2.4"
    "@next/swc-freebsd-x64" "12.2.4"
    "@next/swc-linux-arm-gnueabihf" "12.2.4"
    "@next/swc-linux-arm64-gnu" "12.2.4"
    "@next/swc-linux-arm64-musl" "12.2.4"
    "@next/swc-linux-x64-gnu" "12.2.4"
    "@next/swc-linux-x64-musl" "12.2.4"
    "@next/swc-win32-arm64-msvc" "12.2.4"
    "@next/swc-win32-ia32-msvc" "12.2.4"
    "@next/swc-win32-x64-msvc" "12.2.4"

object-assign@^4.1.1:
  version "4.1.1"
  resolved "https://registry.yarnpkg.com/object-assign/-/object-assign-4.1.1.tgz#2109adc7965887cfc05cbbd442cac8bfbb360863"
  integrity sha512-rJgTQnkUnH1sFw8yT6VSU3zD3sWmu6sZhIseY8VX+GRu3P6F7Fu+JNDoXfklElbLJSnc3FUQHVe4cU5hj+BcUg==

once@^1.3.1:
  version "1.4.0"
  resolved "https://registry.yarnpkg.com/once/-/once-1.4.0.tgz#583b1aa775961d4b113ac17d9c50baef9dd76bd1"
  integrity sha512-lNaJgI+2Q5URQBkccEKHTQOPaXdUxnZZElQTZY0MFUAuaEqe1E+Nyvgdz/aIyNi6Z9MzO5dv1H8n58/GELp3+w==
  dependencies:
    wrappy "1"

p-is-promise@^1.1.0:
  version "1.1.0"
  resolved "https://registry.yarnpkg.com/p-is-promise/-/p-is-promise-1.1.0.tgz#9c9456989e9f6588017b0434d56097675c3da05e"
  integrity sha512-zL7VE4JVS2IFSkR2GQKDSPEVxkoH43/p7oEnwpdCndKYJO0HVeRB7fA8TJwuLOTBREtK0ea8eHaxdwcpob5dmg==

parse-headers@^2.0.4:
  version "2.0.5"
  resolved "https://registry.yarnpkg.com/parse-headers/-/parse-headers-2.0.5.tgz#069793f9356a54008571eb7f9761153e6c770da9"
  integrity sha512-ft3iAoLOB/MlwbNXgzy43SWGP6sQki2jQvAyBg/zDFAgr9bfNWZIUj42Kw2eJIl8kEi4PbgE6U1Zau/HwI75HA==

picocolors@^1.0.0:
  version "1.0.0"
  resolved "https://registry.yarnpkg.com/picocolors/-/picocolors-1.0.0.tgz#cb5bdc74ff3f51892236eaf79d68bc44564ab81c"
  integrity sha512-1fygroTLlHu66zi26VoTDv8yRgm0Fccecssto+MhsZ0D/DGW2sm8E8AjW7NU5VVTRt5GxbeZ5qBuJr+HyLYkjQ==

postcss@8.4.14:
  version "8.4.14"
  resolved "https://registry.yarnpkg.com/postcss/-/postcss-8.4.14.tgz#ee9274d5622b4858c1007a74d76e42e56fd21caf"
  integrity sha512-E398TUmfAYFPBSdzgeieK2Y1+1cpdxJx8yXbK/m57nRhKSmk1GB2tO4lbLBtlkfPQTDKfe4Xqv1ASWPpayPEig==
  dependencies:
    nanoid "^3.3.4"
    picocolors "^1.0.0"
    source-map-js "^1.0.2"

process-nextick-args@~2.0.0:
  version "2.0.1"
  resolved "https://registry.yarnpkg.com/process-nextick-args/-/process-nextick-args-2.0.1.tgz#7820d9b16120cc55ca9ae7792680ae7dba6d7fe2"
  integrity sha512-3ouUOpQhtgrbOa17J7+uxOTpITYWaGP7/AhoR3+A+/1e9skrzelGi/dXzEYyvbxubEF6Wn2ypscTKiKJFFn1ag==

progress-stream@^2.0.0:
  version "2.0.0"
  resolved "https://registry.yarnpkg.com/progress-stream/-/progress-stream-2.0.0.tgz#fac63a0b3d11deacbb0969abcc93b214bce19ed5"
  integrity sha512-xJwOWR46jcXUq6EH9yYyqp+I52skPySOeHfkxOZ2IY1AiBi/sFJhbhAKHoV3OTw/omQ45KTio9215dRJ2Yxd3Q==
  dependencies:
    speedometer "~1.0.0"
    through2 "~2.0.3"

querystringify@^2.1.1:
  version "2.2.0"
  resolved "https://registry.yarnpkg.com/querystringify/-/querystringify-2.2.0.tgz#3345941b4153cb9d082d8eee4cda2016a9aef7f6"
  integrity sha512-FIqgj2EUvTa7R50u0rGsyTftzjYmv/a3hO345bZNrqabNqjtgiDMgmo4mkUjd+nzU5oF3dClKqFIPUKybUyqoQ==

react-dom@17.0.2:
  version "17.0.2"
  resolved "https://registry.yarnpkg.com/react-dom/-/react-dom-17.0.2.tgz#ecffb6845e3ad8dbfcdc498f0d0a939736502c23"
  integrity sha512-s4h96KtLDUQlsENhMn1ar8t2bEa+q/YAtj8pPPdIjPDGBDIVNsrD9aXNWqspUe6AzKCIG0C1HZZLqLV7qpOBGA==
  dependencies:
    loose-envify "^1.1.0"
    object-assign "^4.1.1"
    scheduler "^0.20.2"

react@17.0.2:
  version "17.0.2"
  resolved "https://registry.yarnpkg.com/react/-/react-17.0.2.tgz#d0b5cc516d29eb3eee383f75b62864cfb6800037"
  integrity sha512-gnhPt75i/dq/z3/6q/0asP78D0u592D5L1pd7M8P+dck6Fu/jJeL6iVVK23fptSUZj8Vjf++7wXA8UNclGQcbA==
  dependencies:
    loose-envify "^1.1.0"
    object-assign "^4.1.1"

readable-stream@^2.0.0, readable-stream@~2.3.6:
  version "2.3.7"
  resolved "https://registry.yarnpkg.com/readable-stream/-/readable-stream-2.3.7.tgz#1eca1cf711aef814c04f62252a36a62f6cb23b57"
  integrity sha512-Ebho8K4jIbHAxnuxi7o42OrZgF/ZTNcsZj6nRKyUmkhLFq8CHItp/fy6hQZuZmP/n3yZ9VBUbp4zz/mX8hmYPw==
  dependencies:
    core-util-is "~1.0.0"
    inherits "~2.0.3"
    isarray "~1.0.0"
    process-nextick-args "~2.0.0"
    safe-buffer "~5.1.1"
    string_decoder "~1.1.1"
    util-deprecate "~1.0.1"

requires-port@^1.0.0:
  version "1.0.0"
  resolved "https://registry.yarnpkg.com/requires-port/-/requires-port-1.0.0.tgz#925d2601d39ac485e091cf0da5c6e694dc3dcaff"
  integrity sha512-KigOCHcocU3XODJxsu8i/j8T9tzT4adHiecwORRQ0ZZFcp7ahwXuRU1m+yuO90C5ZUyGeGfocHDI14M3L3yDAQ==

rxjs@^6.0.0, rxjs@^6.5.3:
  version "6.6.7"
  resolved "https://registry.yarnpkg.com/rxjs/-/rxjs-6.6.7.tgz#90ac018acabf491bf65044235d5863c4dab804c9"
  integrity sha512-hTdwr+7yYNIT5n4AMYp85KA6yw2Va0FLa3Rguvbpa4W3I5xynaBZo41cM3XM+4Q6fRMj3sBYIR1VAmZMXYJvRQ==
  dependencies:
    tslib "^1.9.0"

safe-buffer@^5.0.1:
  version "5.2.1"
  resolved "https://registry.yarnpkg.com/safe-buffer/-/safe-buffer-5.2.1.tgz#1eaf9fa9bdb1fdd4ec75f58f9cdb4e6b7827eec6"
  integrity sha512-rp3So07KcdmmKbGvgaNxQSJr7bGVSVk5S9Eq1F+ppbRo70+YeaDxkw5Dd8NPN+GD6bjnYm2VuPuCXmpuYvmCXQ==

safe-buffer@~5.1.0, safe-buffer@~5.1.1:
  version "5.1.2"
  resolved "https://registry.yarnpkg.com/safe-buffer/-/safe-buffer-5.1.2.tgz#991ec69d296e0313747d59bdfd2b745c35f8828d"
  integrity sha512-Gd2UZBJDkXlY7GbJxfsE8/nvKkUEU1G38c1siN6QP6a9PT9MmHB8GnpscSmMJSoF8LOIrt8ud/wPtojys4G6+g==

same-origin@^0.1.1:
  version "0.1.1"
  resolved "https://registry.yarnpkg.com/same-origin/-/same-origin-0.1.1.tgz#c2287d3192577df517acbbd6d1451a9c3c3914f5"
  integrity sha512-effkSW9cap879l6CVNdwL5iubVz8tkspqgfiqwgBgFQspV7152WHaLzr5590yR8oFgt7E1d4lO09uUhtAgUPoA==

scheduler@^0.20.2:
  version "0.20.2"
  resolved "https://registry.yarnpkg.com/scheduler/-/scheduler-0.20.2.tgz#4baee39436e34aa93b4874bddcbf0fe8b8b50e91"
  integrity sha512-2eWfGgAqqWFGqtdMmcL5zCMK1U8KlXv8SQFGglL3CEtd0aDVDWgeF/YoCmvln55m5zSk3J/20hTaSBeSObsQDQ==
  dependencies:
    loose-envify "^1.1.0"
    object-assign "^4.1.1"

simple-concat@^1.0.0, simple-concat@^1.0.1:
  version "1.0.1"
  resolved "https://registry.yarnpkg.com/simple-concat/-/simple-concat-1.0.1.tgz#f46976082ba35c2263f1c8ab5edfe26c41c9552f"
  integrity sha512-cSFtAPtRhljv69IK0hTVZQ+OfE9nePi/rtJmw5UjHeVyVroEqJXP1sFztKUy1qU+xvz3u/sfYJLa947b7nAN2Q==

simple-get@^4.0.1:
  version "4.0.1"
  resolved "https://registry.yarnpkg.com/simple-get/-/simple-get-4.0.1.tgz#4a39db549287c979d352112fa03fd99fd6bc3543"
  integrity sha512-brv7p5WgH0jmQJr1ZDDfKDOSeWWg+OVypG99A/5vYGPqJ6pxiaHLy8nxtFjBA7oMa01ebA9gfh1uMCFqOuXxvA==
  dependencies:
    decompress-response "^6.0.0"
    once "^1.3.1"
    simple-concat "^1.0.0"

source-map-js@^1.0.2:
  version "1.0.2"
  resolved "https://registry.yarnpkg.com/source-map-js/-/source-map-js-1.0.2.tgz#adbc361d9c62df380125e7f161f71c826f1e490c"
  integrity sha512-R0XvVJ9WusLiqTCEiGCmICCMplcCkIwwR11mOSD9CR5u+IXYdiseeEuXCVAjS54zqwkLcPNnmU4OeJ6tUrWhDw==

speedometer@~1.0.0:
  version "1.0.0"
  resolved "https://registry.yarnpkg.com/speedometer/-/speedometer-1.0.0.tgz#cd671cb06752c22bca3370e2f334440be4fc62e2"
  integrity sha512-lgxErLl/7A5+vgIIXsh9MbeukOaCb2axgQ+bKCdIE+ibNT4XNYGNCR1qFEGq6F+YDASXK3Fh/c5FgtZchFolxw==

split2@^4.1.0:
  version "4.1.0"
  resolved "https://registry.yarnpkg.com/split2/-/split2-4.1.0.tgz#101907a24370f85bb782f08adaabe4e281ecf809"
  integrity sha512-VBiJxFkxiXRlUIeyMQi8s4hgvKCSjtknJv/LVYbrgALPwf5zSKmEwV9Lst25AkvMDnvxODugjdl6KZgwKM1WYQ==

string_decoder@~1.1.1:
  version "1.1.1"
  resolved "https://registry.yarnpkg.com/string_decoder/-/string_decoder-1.1.1.tgz#9cf1611ba62685d7030ae9e4ba34149c3af03fc8"
  integrity sha512-n/ShnvDi6FHbbVfviro+WojiFzv+s8MPMHBczVePfUpDJLwoLT0ht1l4YwBCbi8pJAveEEdnkHyPyTP/mzRfwg==
  dependencies:
    safe-buffer "~5.1.0"

styled-jsx@5.0.2:
  version "5.0.2"
  resolved "https://registry.yarnpkg.com/styled-jsx/-/styled-jsx-5.0.2.tgz#ff230fd593b737e9e68b630a694d460425478729"
  integrity sha512-LqPQrbBh3egD57NBcHET4qcgshPks+yblyhPlH2GY8oaDgKs8SK4C3dBh3oSJjgzJ3G5t1SYEZGHkP+QEpX9EQ==

throttle-debounce@^5.0.0:
  version "5.0.0"
  resolved "https://registry.yarnpkg.com/throttle-debounce/-/throttle-debounce-5.0.0.tgz#a17a4039e82a2ed38a5e7268e4132d6960d41933"
  integrity sha512-2iQTSgkkc1Zyk0MeVrt/3BvuOXYPl/R8Z0U2xxo9rjwNciaHDG3R+Lm6dh4EeUci49DanvBnuqI6jshoQQRGEg==

through2@~2.0.3:
  version "2.0.5"
  resolved "https://registry.yarnpkg.com/through2/-/through2-2.0.5.tgz#01c1e39eb31d07cb7d03a96a70823260b23132cd"
  integrity sha512-/mrRod8xqpA+IHSLyGCQ2s8SPHiCDEeQJSep1jqLYeEUClOFG2Qsh+4FU6G9VeqpZnGW/Su8LQGc4YKni5rYSQ==
  dependencies:
    readable-stream "~2.3.6"
    xtend "~4.0.1"

tslib@^1.9.0:
  version "1.14.1"
  resolved "https://registry.yarnpkg.com/tslib/-/tslib-1.14.1.tgz#cf2d38bdc34a134bcaf1091c41f6619e2f672d00"
  integrity sha512-Xni35NKzjgMrwevysHTCArtLDpPvye8zV/0E4EyYn43P7/7qvQwPh9BGkHewbMulVntbigmcT7rdX3BNo9wRJg==

tslib@^2.4.0:
  version "2.4.0"
  resolved "https://registry.yarnpkg.com/tslib/-/tslib-2.4.0.tgz#7cecaa7f073ce680a05847aa77be941098f36dc3"
  integrity sha512-d6xOpEDfsi2CZVlPQzGeux8XMwLT9hssAsaPYExaQMuYskwb+x1x7J371tWlbBdWHroy99KnVB6qIkUbs5X3UQ==

tunnel-agent@^0.6.0:
  version "0.6.0"
  resolved "https://registry.yarnpkg.com/tunnel-agent/-/tunnel-agent-0.6.0.tgz#27a5dea06b36b04a0a9966774b290868f0fc40fd"
  integrity sha512-McnNiV1l8RYeY8tBgEpuodCC1mLUdbSN+CYBL7kJsJNInOP8UjDDEwdk6Mw60vdLLrr5NHKZhMAOSrR2NZuQ+w==
  dependencies:
    safe-buffer "^5.0.1"

url-parse@^1.1.9:
  version "1.5.10"
  resolved "https://registry.yarnpkg.com/url-parse/-/url-parse-1.5.10.tgz#9d3c2f736c1d75dd3bd2be507dcc111f1e2ea9c1"
  integrity sha512-WypcfiRhfeUP9vvF0j6rw0J3hrWrw6iZv3+22h6iRMJ/8z1Tj6XfLP4DsUix5MhMPnXpiHDoKyoZ/bdCkwBCiQ==
  dependencies:
    querystringify "^2.1.1"
    requires-port "^1.0.0"

use-sync-external-store@1.2.0:
  version "1.2.0"
  resolved "https://registry.yarnpkg.com/use-sync-external-store/-/use-sync-external-store-1.2.0.tgz#7dbefd6ef3fe4e767a0cf5d7287aacfb5846928a"
  integrity sha512-eEgnFxGQ1Ife9bzYs6VLi8/4X6CObHMw9Qr9tPY43iKwsPw8xE8+EFsf/2cFZ5S3esXgpWgtSCtLNS41F+sKPA==

util-deprecate@~1.0.1:
  version "1.0.2"
  resolved "https://registry.yarnpkg.com/util-deprecate/-/util-deprecate-1.0.2.tgz#450d4dc9fa70de732762fbd2d4a28981419a0ccf"
  integrity sha512-EPD5q1uXyFxJpCrLnCc1nHnq3gOa6DZBocAIiI2TaSCA7VCJ1UJDMagCzIkXNsUYfD1daK//LTEQ8xiIbrHtcw==

wrappy@1:
  version "1.0.2"
  resolved "https://registry.yarnpkg.com/wrappy/-/wrappy-1.0.2.tgz#b5243d8f3ec1aa35f1364605bc0d1036e30ab69f"
  integrity sha512-l4Sp/DRseor9wL6EvV2+TuQn63dMkPjZ/sp9XkghTEbV9KlPS1xUsZ3u7/IQO4wxtcFB4bgpQPRcR3QCvezPcQ==

xtend@~4.0.1:
  version "4.0.2"
  resolved "https://registry.yarnpkg.com/xtend/-/xtend-4.0.2.tgz#bb72779f5fa465186b1f438f674fa347fdb5db54"
  integrity sha512-LKYU1iAXJXUgAXn9URjiu+MWhyUXHsvfp7mcuYm9dSUKK0/CjtrUwFAxD82/mCWbtLsGjFIad0wIsod4zrTAEQ==
